
Microsoft Visual Studio Solution File, Format Version 12.00
# Visual Studio 15
VisualStudioVersion = 15.0.28307.489
MinimumVisualStudioVersion = 10.0.40219.1
Project("{FAE04EC0-301F-11D3-BF4B-00C04F79EFBC}") = "PostServer", "PostServer\PostServer.csproj", "{6C66AB6E-0C24-4405-A0BD-95FD3FCEC3AD}"
EndProject
Global
	GlobalSection(SolutionConfigurationPlatforms) = preSolution
		Debug|Any CPU = Debug|Any CPU
		Release|Any CPU = Release|Any CPU
	EndGlobalSection
	GlobalSection(ProjectConfigurationPlatforms) = postSolution
		{6C66AB6E-0C24-4405-A0BD-95FD3FCEC3AD}.Debug|Any CPU.ActiveCfg = Debug|Any CPU
		{6C66AB6E-0C24-4405-A0BD-95FD3FCEC3AD}.Debug|Any CPU.Build.0 = Debug|Any CPU
		{6C66AB6E-0C24-4405-A0BD-95FD3FCEC3AD}.Release|Any CPU.ActiveCfg = Release|Any CPU
		{6C66AB6E-0C24-4405-A0BD-95FD3FCEC3AD}.Release|Any CPU.Build.0 = Release|Any CPU
	EndGlobalSection
	GlobalSection(SolutionProperties) = preSolution
		HideSolutionNode = FALSE
	EndGlobalSection
	GlobalSection(ExtensibilityGlobals) = postSolution
		SolutionGuid = {E97FBFFB-7C71-4CC0-B7AE-7E4B86D77B37}
	EndGlobalSection
EndGlobal
